
Microsoft Visual Studio Solution File, Format Version 12.00
Project("{FAE04EC0-301F-11D3-BF4B-00C04F79EFBC}") = "dotnet-benchmark", "dotnet-benchmark.csproj", "{117256C9-9714-4645-A550-1553B9C054D8}"
EndProject
Global
	GlobalSection(SolutionConfigurationPlatforms) = preSolution
		Debug|Any CPU = Debug|Any CPU
		Release|Any CPU = Release|Any CPU
	EndGlobalSection
	GlobalSection(ProjectConfigurationPlatforms) = postSolution
		{117256C9-9714-4645-A550-1553B9C054D8}.Debug|Any CPU.ActiveCfg = Debug|Any CPU
		{117256C9-9714-4645-A550-1553B9C054D8}.Debug|Any CPU.Build.0 = Debug|Any CPU
		{117256C9-9714-4645-A550-1553B9C054D8}.Release|Any CPU.ActiveCfg = Release|Any CPU
		{117256C9-9714-4645-A550-1553B9C054D8}.Release|Any CPU.Build.0 = Release|Any CPU
	EndGlobalSection
EndGlobal
